
Microsoft Visual Studio Solution File, Format Version 12.00
# Visual Studio Version 17
VisualStudioVersion = 17.9.34714.143
MinimumVisualStudioVersion = 10.0.40219.1
Project("{FAE04EC0-301F-11D3-BF4B-00C04F79EFBC}") = "ntp1", "ntp1.csproj", "{C9718D51-E60C-4982-9211-9011378C0F27}"
EndProject
Global
	GlobalSection(SolutionConfigurationPlatforms) = preSolution
		Debug|Any CPU = Debug|Any CPU
		Release|Any CPU = Release|Any CPU
	EndGlobalSection
	GlobalSection(ProjectConfigurationPlatforms) = postSolution
		{C9718D51-E60C-4982-9211-9011378C0F27}.Debug|Any CPU.ActiveCfg = Debug|Any CPU
		{C9718D51-E60C-4982-9211-9011378C0F27}.Debug|Any CPU.Build.0 = Debug|Any CPU
		{C9718D51-E60C-4982-9211-9011378C0F27}.Release|Any CPU.ActiveCfg = Release|Any CPU
		{C9718D51-E60C-4982-9211-9011378C0F27}.Release|Any CPU.Build.0 = Release|Any CPU
	EndGlobalSection
	GlobalSection(SolutionProperties) = preSolution
		HideSolutionNode = FALSE
	EndGlobalSection
	GlobalSection(ExtensibilityGlobals) = postSolution
		SolutionGuid = {8CEFF994-B373-4147-8899-A31180794CD7}
	EndGlobalSection
EndGlobal
